
Microsoft Visual Studio Solution File, Format Version 12.00
# Visual Studio Version 17
VisualStudioVersion = 17.11.35327.3
MinimumVisualStudioVersion = 10.0.40219.1
Project("{FAE04EC0-301F-11D3-BF4B-00C04F79EFBC}") = "Jeux mot glissées", "Jeux mot glissées\Jeux mot glissées.csproj", "{F89F0656-A508-461C-804E-2DB1F1B1A30A}"
EndProject
Project("{FAE04EC0-301F-11D3-BF4B-00C04F79EFBC}") = "MotsTests", "MotsTests\MotsTests.csproj", "{5C59A80C-2AE5-484F-A519-9AE4691E144A}"
EndProject
Global
	GlobalSection(SolutionConfigurationPlatforms) = preSolution
		Debug|Any CPU = Debug|Any CPU
		Debug|x64 = Debug|x64
		Release|Any CPU = Release|Any CPU
		Release|x64 = Release|x64
	EndGlobalSection
	GlobalSection(ProjectConfigurationPlatforms) = postSolution
		{F89F0656-A508-461C-804E-2DB1F1B1A30A}.Debug|Any CPU.ActiveCfg = Debug|Any CPU
		{F89F0656-A508-461C-804E-2DB1F1B1A30A}.Debug|Any CPU.Build.0 = Debug|Any CPU
		{F89F0656-A508-461C-804E-2DB1F1B1A30A}.Debug|x64.ActiveCfg = Debug|x64
		{F89F0656-A508-461C-804E-2DB1F1B1A30A}.Debug|x64.Build.0 = Debug|x64
		{F89F0656-A508-461C-804E-2DB1F1B1A30A}.Release|Any CPU.ActiveCfg = Release|Any CPU
		{F89F0656-A508-461C-804E-2DB1F1B1A30A}.Release|Any CPU.Build.0 = Release|Any CPU
		{F89F0656-A508-461C-804E-2DB1F1B1A30A}.Release|x64.ActiveCfg = Release|x64
		{F89F0656-A508-461C-804E-2DB1F1B1A30A}.Release|x64.Build.0 = Release|x64
		{5C59A80C-2AE5-484F-A519-9AE4691E144A}.Debug|Any CPU.ActiveCfg = Debug|Any CPU
		{5C59A80C-2AE5-484F-A519-9AE4691E144A}.Debug|Any CPU.Build.0 = Debug|Any CPU
		{5C59A80C-2AE5-484F-A519-9AE4691E144A}.Debug|x64.ActiveCfg = Debug|Any CPU
		{5C59A80C-2AE5-484F-A519-9AE4691E144A}.Debug|x64.Build.0 = Debug|Any CPU
		{5C59A80C-2AE5-484F-A519-9AE4691E144A}.Release|Any CPU.ActiveCfg = Release|Any CPU
		{5C59A80C-2AE5-484F-A519-9AE4691E144A}.Release|Any CPU.Build.0 = Release|Any CPU
		{5C59A80C-2AE5-484F-A519-9AE4691E144A}.Release|x64.ActiveCfg = Release|Any CPU
		{5C59A80C-2AE5-484F-A519-9AE4691E144A}.Release|x64.Build.0 = Release|Any CPU
	EndGlobalSection
	GlobalSection(SolutionProperties) = preSolution
		HideSolutionNode = FALSE
	EndGlobalSection
	GlobalSection(ExtensibilityGlobals) = postSolution
		SolutionGuid = {35E09077-7C7C-4319-997E-86EBB5C46101}
	EndGlobalSection
EndGlobal
